# This file is autogenerated, do not edit; changes may be undone by the next 'dep ensure'.


[[projects]]
  name = "cloud.google.com/go"
  packages = ["compute/metadata"]
  revision = "7ce8b92dd61a3d280e64a64aecf225f25062c4f1"

[[projects]]
  name = "code.cloudfoundry.org/clock"
  packages = ["."]
  revision = "2269160ae1757f96bbb8c6475e6fa36c805e73e0"

[[projects]]
  name = "code.cloudfoundry.org/lager"
  packages = ["."]
  revision = "438ab98cc3b9b81e97c2281422b2722cd8e80ed8"

[[projects]]
  branch = "master"
  name = "code.cloudfoundry.org/trace-logger"
  packages = ["."]
  revision = "107ef08a939d5be6092ce2b5f171a16aba149cb2"

[[projects]]
  branch = "master"
  name = "code.cloudfoundry.org/uaa-go-client"
  packages = [
    ".",
    "config",
    "schema"
  ]
  revision = "480082394a827f194f7ec67a56c858a66ec581cc"

[[projects]]
  name = "github.com/PuerkitoBio/goquery"
  packages = ["."]
  revision = "8806ada2a4ab225c06e9106f9631be80932db7ce"

[[projects]]
  name = "github.com/StackExchange/wmi"
  packages = ["."]
  revision = "5d049714c4a64225c3c79a7cf7d02f7fb5b96338"
  version = "1.0.0"

[[projects]]
  name = "github.com/alecthomas/kingpin"
  packages = ["."]
  revision = "fc56a013c4bd48edd5715c86e860977e3c847a4e"

[[projects]]
  branch = "master"
  name = "github.com/alecthomas/template"
  packages = [
    ".",
    "parse"
  ]
  revision = "a0175ee3bccc567396460bf5acd36800cb10c49c"

[[projects]]
  branch = "master"
  name = "github.com/alecthomas/units"
  packages = ["."]
  revision = "2efee857e7cfd4f3d0138cc3cbb1b4966962b93a"

[[projects]]
  name = "github.com/andybalholm/cascadia"
  packages = ["."]
  revision = "349dd0209470eabd9514242c688c403c0926d266"

[[projects]]
  name = "github.com/bmatcuk/doublestar"
  packages = ["."]
  revision = "85a78806aa1b4707d1dbace9be592cf1ece91ab3"
  version = "v1.1.1"

[[projects]]
  branch = "master"
  name = "github.com/charlievieth/fs"
  packages = ["."]
  revision = "7dc373669fa10ddf827c37c595dee30a2f001be9"

[[projects]]
  name = "github.com/cloudfoundry/bosh-cli"
  packages = ["director/template"]
  revision = "8366c6fd5cd98b7c9051dc9481f67c88fb8606f9"
  version = "v5.3.1"

[[projects]]
  branch = "master"
  name = "github.com/cloudfoundry/bosh-utils"
  packages = [
    "errors",
    "logger",
    "system"
  ]
  revision = "dca6ab8856b90716dd07719bf954826a100b2afa"

[[projects]]
  branch = "master"
  name = "github.com/cppforlife/go-patch"
  packages = ["patch"]
  revision = "250da0e0e68ce3367b4302f34218f6c064eb9559"

[[projects]]
  name = "github.com/dgrijalva/jwt-go"
  packages = ["."]
  revision = "06ea1031745cb8b3dab3f6a236daf2b0aa468b7e"
  version = "v3.2.0"

[[projects]]
  branch = "master"
  name = "github.com/ghodss/yaml"
  packages = ["."]
  revision = "c7ce16629ff4cd059ed96ed06419dd3856fd3577"

[[projects]]
  name = "github.com/go-ole/go-ole"
  packages = [
    ".",
    "oleutil"
  ]
  revision = "a41e3c4b706f6ae8dfbff342b06e40fa4d2d0506"
  version = "v1.2.1"

[[projects]]
  name = "github.com/golang/protobuf"
  packages = ["proto"]
  revision = "6a1fa9404c0aebf36c879bc50152edcc953910d2"

[[projects]]
  name = "github.com/google/go-querystring"
  packages = ["query"]
  revision = "53e6ce116135b80d037921a7fdd5138cf32d7a8a"

[[projects]]
  branch = "master"
  name = "github.com/gosuri/uilive"
  packages = ["."]
  revision = "ac356e6e42cd31fcef8e6aec13ae9ed6fe87713e"

[[projects]]
  name = "github.com/mattn/go-isatty"
  packages = ["."]
  revision = "fc9e8d8ef48496124e79ae0df75490096eccf6fe"
  version = "v0.0.2"

[[projects]]
  name = "github.com/mattn/go-runewidth"
  packages = ["."]
  revision = "97311d9f7767e3d6f422ea06661bc2c7a19e8a5d"

[[projects]]
  name = "github.com/olekukonko/tablewriter"
  packages = ["."]
  revision = "febf2d34b54a69ce7530036c7503b1c9fbfdf0bb"

[[projects]]
  name = "github.com/onsi/ginkgo"
  packages = [
    ".",
    "config",
    "internal/codelocation",
    "internal/containernode",
    "internal/failer",
    "internal/leafnodes",
    "internal/remote",
    "internal/spec",
    "internal/spec_iterator",
    "internal/specrunner",
    "internal/suite",
    "internal/testingtproxy",
    "internal/writer",
    "reporters",
    "reporters/stenographer",
    "reporters/stenographer/support/go-colorable",
    "reporters/stenographer/support/go-isatty",
    "types"
  ]
  revision = "8382b23d18dbaaff8e5f7e83784c53ebb8ec2f47"

[[projects]]
  name = "github.com/onsi/gomega"
  packages = [
    ".",
    "format",
    "gbytes",
    "internal/assertion",
    "internal/asyncassertion",
    "internal/oraclematcher",
    "internal/testingtsupport",
    "matchers",
    "matchers/support/goraph/bipartitegraph",
    "matchers/support/goraph/edge",
    "matchers/support/goraph/node",
    "matchers/support/goraph/util",
    "types"
  ]
  revision = "c893efa28eb45626cdaa76c9f653b62488858837"
  version = "v1.2.0"

[[projects]]
  name = "github.com/pivotal-cf/go-pivnet"
  packages = [
    ".",
    "download",
    "logger",
    "logshim"
  ]
  revision = "f02bf75dfa0ebc79337a5896b9ca58ee2341a9fe"
  version = "v0.0.50"

[[projects]]
  branch = "master"
  name = "github.com/pivotal-cf/jhanda"
  packages = [
    ".",
    "internal/parser"
  ]
  revision = "e6aa09a032df2c727b140f9c6fc4df15aeb2b645"

[[projects]]
  branch = "master"
  name = "github.com/pivotal-cf/kiln"
  packages = ["proofing"]
  revision = "0240e73df945c01b5d6432000d83719363261165"

[[projects]]
  name = "github.com/pivotal-cf/om"
  packages = [
    "api",
    "commands",
    "config",
    "configparser",
    "extractor",
    "formcontent",
    "models",
    "network",
    "presenters",
    "progress",
    "ui",
    "validator"
  ]
  revision = "d18d96fc8cffa945a4db42051830fc899c87b9a2"

[[projects]]
  branch = "master"
  name = "github.com/pivotal-cf/pivnet-cli"
  packages = [
    "filter",
    "gp"
  ]
  revision = "b3e19855bf444717c9cfeaf8f871b599ba40caae"

[[projects]]
  name = "github.com/shirou/gopsutil"
  packages = [
    "disk",
    "internal/common"
  ]
  revision = "3ec50d2876a36047b2ca39f955ba88fb7a455e92"
  version = "v2.18.10"

[[projects]]
  name = "github.com/tmc/scp"
  packages = ["."]
  revision = "8734282bd23b160cc07954a157106fe59e0f3993"

[[projects]]
  name = "golang.org/x/crypto"
  packages = [
    "curve25519",
    "ed25519",
    "ed25519/internal/edwards25519",
    "ssh"
  ]
  revision = "4d70248d17d12d1edb7153434a74001c1540938b"

[[projects]]
  branch = "master"
  name = "golang.org/x/net"
  packages = [
    "context",
    "context/ctxhttp",
    "html",
    "html/atom",
    "html/charset"
  ]
  revision = "a544f70c90f196e50d198126db0c4cb2b562fec0"

[[projects]]
  branch = "master"
  name = "golang.org/x/oauth2"
  packages = [
    ".",
    "clientcredentials",
    "google",
    "internal",
    "jws",
    "jwt"
  ]
  revision = "f42d05182288abf10faef86d16c0d07b8d40ea2d"

[[projects]]
  name = "golang.org/x/sync"
  packages = ["errgroup"]
  revision = "fd80eb99c8f653c847d294a001bdf2a3a6f768f5"

[[projects]]
  branch = "master"
  name = "golang.org/x/sys"
  packages = [
    "unix",
    "windows"
  ]
  revision = "3a76605856fddce5718553cbb8bd50ca492a7274"

[[projects]]
  name = "golang.org/x/text"
  packages = [
    "encoding",
    "encoding/charmap",
    "encoding/htmlindex",
    "encoding/internal",
    "encoding/internal/identifier",
    "encoding/japanese",
    "encoding/korean",
    "encoding/simplifiedchinese",
    "encoding/traditionalchinese",
    "encoding/unicode",
    "internal/gen",
    "internal/tag",
    "internal/utf8internal",
    "language",
    "runes",
    "transform",
    "unicode/cldr"
  ]
  revision = "f21a4dfb5e38f5895301dc265a8def02365cc3d0"
  version = "v0.3.0"

[[projects]]
  name = "google.golang.org/api"
  packages = [
    "compute/v1",
    "gensupport",
    "googleapi",
    "googleapi/internal/uritemplates",
    "servicemanagement/v1"
  ]
  revision = "bb4e0b1b53539118e8d3a704d31cb69a81a9c140"

[[projects]]
  name = "google.golang.org/appengine"
  packages = [
    ".",
    "internal",
    "internal/app_identity",
    "internal/base",
    "internal/datastore",
    "internal/log",
    "internal/modules",
    "internal/remote_api",
    "internal/urlfetch",
    "urlfetch"
  ]
  revision = "ad2570cd3913654e00c5f0183b39d2f998e54046"

[[projects]]
  name = "gopkg.in/cheggaaa/pb.v1"
  packages = ["."]
  revision = "007b75a044e968336a69a6c0c617251ab62ac14c"
  version = "v1.0.26"

[[projects]]
  name = "gopkg.in/yaml.v2"
  packages = ["."]
  revision = "5420a8b6744d3b0345ab293f6fcba19c978f1183"
  version = "v2.2.1"

[solve-meta]
  analyzer-name = "dep"
  analyzer-version = 1
  inputs-digest = "a77d366a05002317851c70afb50bb5b9678c1f5e03b6e1168f4b4d3a479729ae"
  solver-name = "gps-cdcl"
  solver-version = 1
